// !$*UTF8*$!
{
	archiveVersion = 1;
	classes = {
	};
	objectVersion = 51;
	objects = {

/* Begin PBXBuildFile section */
		3198FEE32349AD76003BA5F4 /* GoogleService-Info.plist in Resources */ = {isa = PBXBuildFile; fileRef = 3198FEE22349AD76003BA5F4 /* GoogleService-Info.plist */; };
		31DD20AF234902A100643FF7 /* AppDelegate.swift in Sources */ = {isa = PBXBuildFile; fileRef = 31DD20AE234902A100643FF7 /* AppDelegate.swift */; };
		31DD20B1234902A100643FF7 /* ViewController.swift in Sources */ = {isa = PBXBuildFile; fileRef = 31DD20B0234902A100643FF7 /* ViewController.swift */; };
		31DD20B4234902A100643FF7 /* Main.storyboard in Resources */ = {isa = PBXBuildFile; fileRef = 31DD20B2234902A100643FF7 /* Main.storyboard */; };
		31DD20B6234902A200643FF7 /* Assets.xcassets in Resources */ = {isa = PBXBuildFile; fileRef = 31DD20B5234902A200643FF7 /* Assets.xcassets */; };
		31DD20B9234902A200643FF7 /* LaunchScreen.storyboard in Resources */ = {isa = PBXBuildFile; fileRef = 31DD20B7234902A200643FF7 /* LaunchScreen.storyboard */; };
		31DD20C92349122400643FF7 /* TableViewController.swift in Sources */ = {isa = PBXBuildFile; fileRef = 31DD20C82349122400643FF7 /* TableViewController.swift */; };
		31DD20CB234917E100643FF7 /* MainViewController.swift in Sources */ = {isa = PBXBuildFile; fileRef = 31DD20CA234917E100643FF7 /* MainViewController.swift */; };
		31DD20CD23492C4400643FF7 /* ResultViewController.swift in Sources */ = {isa = PBXBuildFile; fileRef = 31DD20CC23492C4400643FF7 /* ResultViewController.swift */; };
		9E0B1A8C9C0F1AD0965D4B66 /* Pods_LetsNamed.framework in Frameworks */ = {isa = PBXBuildFile; fileRef = 00C6523480B8369B360940E8 /* Pods_LetsNamed.framework */; };
/* End PBXBuildFile section */

/* Begin PBXFileReference section */
		00C6523480B8369B360940E8 /* Pods_LetsNamed.framework */ = {isa = PBXFileReference; explicitFileType = wrapper.framework; includeInIndex = 0; path = Pods_LetsNamed.framework; sourceTree = BUILT_PRODUCTS_DIR; };
		3198FEE22349AD76003BA5F4 /* GoogleService-Info.plist */ = {isa = PBXFileReference; fileEncoding = 4; lastKnownFileType = text.plist.xml; path = "GoogleService-Info.plist"; sourceTree = "<group>"; };
		31DD20AB234902A100643FF7 /* LetsNamed.app */ = {isa = PBXFileReference; explicitFileType = wrapper.application; includeInIndex = 0; path = LetsNamed.app; sourceTree = BUILT_PRODUCTS_DIR; };
		31DD20AE234902A100643FF7 /* AppDelegate.swift */ = {isa = PBXFileReference; lastKnownFileType = sourcecode.swift; path = AppDelegate.swift; sourceTree = "<group>"; };
		31DD20B0234902A100643FF7 /* ViewController.swift */ = {isa = PBXFileReference; lastKnownFileType = sourcecode.swift; path = ViewController.swift; sourceTree = "<group>"; };
		31DD20B3234902A100643FF7 /* Base */ = {isa = PBXFileReference; lastKnownFileType = file.storyboard; name = Base; path = Base.lproj/Main.storyboard; sourceTree = "<group>"; };
		31DD20B5234902A200643FF7 /* Assets.xcassets */ = {isa = PBXFileReference; lastKnownFileType = folder.assetcatalog; path = Assets.xcassets; sourceTree = "<group>"; };
		31DD20B8234902A200643FF7 /* Base */ = {isa = PBXFileReference; lastKnownFileType = file.storyboard; name = Base; path = Base.lproj/LaunchScreen.storyboard; sourceTree = "<group>"; };
		31DD20BA234902A200643FF7 /* Info.plist */ = {isa = PBXFileReference; lastKnownFileType = text.plist.xml; path = Info.plist; sourceTree = "<group>"; };
		31DD20C82349122400643FF7 /* TableViewController.swift */ = {isa = PBXFileReference; lastKnownFileType = sourcecode.swift; path = TableViewController.swift; sourceTree = "<group>"; };
		31DD20CA234917E100643FF7 /* MainViewController.swift */ = {isa = PBXFileReference; lastKnownFileType = sourcecode.swift; path = MainViewController.swift; sourceTree = "<group>"; };
		31DD20CC23492C4400643FF7 /* ResultViewController.swift */ = {isa = PBXFileReference; lastKnownFileType = sourcecode.swift; path = ResultViewController.swift; sourceTree = "<group>"; };
		5DEA89EFF8B7B3036DDE5087 /* Pods-LetsNamed.debug.xcconfig */ = {isa = PBXFileReference; includeInIndex = 1; lastKnownFileType = text.xcconfig; name = "Pods-LetsNamed.debug.xcconfig"; path = "Target Support Files/Pods-LetsNamed/Pods-LetsNamed.debug.xcconfig"; sourceTree = "<group>"; };
		706774ED96212DC77E7ECAE5 /* Pods-LetsNamed.release.xcconfig */ = {isa = PBXFileReference; includeInIndex = 1; lastKnownFileType = text.xcconfig; name = "Pods-LetsNamed.release.xcconfig"; path = "Target Support Files/Pods-LetsNamed/Pods-LetsNamed.release.xcconfig"; sourceTree = "<group>"; };
/* End PBXFileReference section */

/* Begin PBXFrameworksBuildPhase section */
		31DD20A8234902A100643FF7 /* Frameworks */ = {
			isa = PBXFrameworksBuildPhase;
			buildActionMask = 2147483647;
			files = (
				9E0B1A8C9C0F1AD0965D4B66 /* Pods_LetsNamed.framework in Frameworks */,
			);
			runOnlyForDeploymentPostprocessing = 0;
		};
/* End PBXFrameworksBuildPhase section */

/* Begin PBXGroup section */
		31DD20A2234902A100643FF7 = {
			isa = PBXGroup;
			children = (
				31DD20CA234917E100643FF7 /* MainViewController.swift */,
				31DD20C82349122400643FF7 /* TableViewController.swift */,
				31DD20AD234902A100643FF7 /* LetsNamed */,
				31DD20AC234902A100643FF7 /* Products */,
				644CBB1FFD6DD872E251C3E3 /* Pods */,
				8E4496BB84A1117D908CB98A /* Frameworks */,
			);
			sourceTree = "<group>";
		};
		31DD20AC234902A100643FF7 /* Products */ = {
			isa = PBXGroup;
			children = (
				31DD20AB234902A100643FF7 /* LetsNamed.app */,
			);
			name = Products;
			sourceTree = "<group>";
		};
		31DD20AD234902A100643FF7 /* LetsNamed */ = {
			isa = PBXGroup;
			children = (
				31DD20AE234902A100643FF7 /* AppDelegate.swift */,
				31DD20B0234902A100643FF7 /* ViewController.swift */,
				31DD20B2234902A100643FF7 /* Main.storyboard */,
				31DD20CC23492C4400643FF7 /* ResultViewController.swift */,
				31DD20B5234902A200643FF7 /* Assets.xcassets */,
				31DD20B7234902A200643FF7 /* LaunchScreen.storyboard */,
				31DD20BA234902A200643FF7 /* Info.plist */,
				3198FEE22349AD76003BA5F4 /* GoogleService-Info.plist */,
			);
			path = LetsNamed;
			sourceTree = "<group>";
		};
		644CBB1FFD6DD872E251C3E3 /* Pods */ = {
			isa = PBXGroup;
			children = (
				5DEA89EFF8B7B3036DDE5087 /* Pods-LetsNamed.debug.xcconfig */,
				706774ED96212DC77E7ECAE5 /* Pods-LetsNamed.release.xcconfig */,
			);
			path = Pods;
			sourceTree = "<group>";
		};
		8E4496BB84A1117D908CB98A /* Frameworks */ = {
			isa = PBXGroup;
			children = (
				00C6523480B8369B360940E8 /* Pods_LetsNamed.framework */,
			);
			name = Frameworks;
			sourceTree = "<group>";
		};
/* End PBXGroup section */

/* Begin PBXNativeTarget section */
		31DD20AA234902A100643FF7 /* LetsNamed */ = {
			isa = PBXNativeTarget;
			buildConfigurationList = 31DD20BD234902A200643FF7 /* Build configuration list for PBXNativeTarget "LetsNamed" */;
			buildPhases = (
				5EBCD576F9A9D5BFD65B5305 /* [CP] Check Pods Manifest.lock */,
				31DD20A7234902A100643FF7 /* Sources */,
				31DD20A8234902A100643FF7 /* Frameworks */,
				31DD20A9234902A100643FF7 /* Resources */,
				23C88FACF8A71098D9490285 /* [CP] Embed Pods Frameworks */,
			);
			buildRules = (
			);
			dependencies = (
			);
			name = LetsNamed;
			productName = LetsNamed;
			productReference = 31DD20AB234902A100643FF7 /* LetsNamed.app */;
			productType = "com.apple.product-type.application";
		};
/* End PBXNativeTarget section */

/* Begin PBXProject section */
		31DD20A3234902A100643FF7 /* Project object */ = {
			isa = PBXProject;
			attributes = {
				LastSwiftUpdateCheck = 1020;
				LastUpgradeCheck = 1020;
				ORGANIZATIONNAME = "香川紗穂";
				TargetAttributes = {
					31DD20AA234902A100643FF7 = {
						CreatedOnToolsVersion = 10.2.1;
					};
				};
			};
			buildConfigurationList = 31DD20A6234902A100643FF7 /* Build configuration list for PBXProject "LetsNamed" */;
			compatibilityVersion = "Xcode 9.3";
			developmentRegion = en;
			hasScannedForEncodings = 0;
			knownRegions = (
				en,
				Base,
			);
			mainGroup = 31DD20A2234902A100643FF7;
			productRefGroup = 31DD20AC234902A100643FF7 /* Products */;
			projectDirPath = "";
			projectRoot = "";
			targets = (
				31DD20AA234902A100643FF7 /* LetsNamed */,
			);
		};
/* End PBXProject section */

/* Begin PBXResourcesBuildPhase section */
		31DD20A9234902A100643FF7 /* Resources */ = {
			isa = PBXResourcesBuildPhase;
			buildActionMask = 2147483647;
			files = (
				31DD20B9234902A200643FF7 /* LaunchScreen.storyboard in Resources */,
				31DD20B6234902A200643FF7 /* Assets.xcassets in Resources */,
				31DD20B4234902A100643FF7 /* Main.storyboard in Resources */,
				3198FEE32349AD76003BA5F4 /* GoogleService-Info.plist in Resources */,
			);
			runOnlyForDeploymentPostprocessing = 0;
		};
/* End PBXResourcesBuildPhase section */

/* Begin PBXShellScriptBuildPhase section */
		23C88FACF8A71098D9490285 /* [CP] Embed Pods Frameworks */ = {
			isa = PBXShellScriptBuildPhase;
			buildActionMask = 2147483647;
			files = (
			);
			inputFileListPaths = (
				"${PODS_ROOT}/Target Support Files/Pods-LetsNamed/Pods-LetsNamed-frameworks-${CONFIGURATION}-input-files.xcfilelist",
			);
			name = "[CP] Embed Pods Frameworks";
			outputFileListPaths = (
				"${PODS_ROOT}/Target Support Files/Pods-LetsNamed/Pods-LetsNamed-frameworks-${CONFIGURATION}-output-files.xcfilelist",
			);
			runOnlyForDeploymentPostprocessing = 0;
			shellPath = /bin/sh;
			shellScript = "\"${PODS_ROOT}/Target Support Files/Pods-LetsNamed/Pods-LetsNamed-frameworks.sh\"\n";
			showEnvVarsInLog = 0;
		};
		5EBCD576F9A9D5BFD65B5305 /* [CP] Check Pods Manifest.lock */ = {
			isa = PBXShellScriptBuildPhase;
			buildActionMask = 2147483647;
			files = (
			);
			inputFileListPaths = (
			);
			inputPaths = (
				"${PODS_PODFILE_DIR_PATH}/Podfile.lock",
				"${PODS_ROOT}/Manifest.lock",
			);
			name = "[CP] Check Pods Manifest.lock";
			outputFileListPaths = (
			);
			outputPaths = (
				"$(DERIVED_FILE_DIR)/Pods-LetsNamed-checkManifestLockResult.txt",
			);
			runOnlyForDeploymentPostprocessing = 0;
			shellPath = /bin/sh;
			shellScript = "diff \"${PODS_PODFILE_DIR_PATH}/Podfile.lock\" \"${PODS_ROOT}/Manifest.lock\" > /dev/null\nif [ $? != 0 ] ; then\n    # print error to STDERR\n    echo \"error: The sandbox is not in sync with the Podfile.lock. Run 'pod install' or update your CocoaPods installation.\" >&2\n    exit 1\nfi\n# This output is used by Xcode 'outputs' to avoid re-running this script phase.\necho \"SUCCESS\" > \"${SCRIPT_OUTPUT_FILE_0}\"\n";
			showEnvVarsInLog = 0;
		};
/* End PBXShellScriptBuildPhase section */

/* Begin PBXSourcesBuildPhase section */
		31DD20A7234902A100643FF7 /* Sources */ = {
			isa = PBXSourcesBuildPhase;
			buildActionMask = 2147483647;
			files = (
				31DD20CD23492C4400643FF7 /* ResultViewController.swift in Sources */,
				31DD20B1234902A100643FF7 /* ViewController.swift in Sources */,
				31DD20C92349122400643FF7 /* TableViewController.swift in Sources */,
				31DD20AF234902A100643FF7 /* AppDelegate.swift in Sources */,
				31DD20CB234917E100643FF7 /* MainViewController.swift in Sources */,
			);
			runOnlyForDeploymentPostprocessing = 0;
		};
/* End PBXSourcesBuildPhase section */

/* Begin PBXVariantGroup section */
		31DD20B2234902A100643FF7 /* Main.storyboard */ = {
			isa = PBXVariantGroup;
			children = (
				31DD20B3234902A100643FF7 /* Base */,
			);
			name = Main.storyboard;
			sourceTree = "<group>";
		};
		31DD20B7234902A200643FF7 /* LaunchScreen.storyboard */ = {
			isa = PBXVariantGroup;
			children = (
				31DD20B8234902A200643FF7 /* Base */,
			);
			name = LaunchScreen.storyboard;
			sourceTree = "<group>";
		};
/* End PBXVariantGroup section */

/* Begin XCBuildConfiguration section */
		31DD20BB234902A200643FF7 /* Debug */ = {
			isa = XCBuildConfiguration;
			buildSettings = {
				ALWAYS_SEARCH_USER_PATHS = NO;
				CLANG_ANALYZER_NONNULL = YES;
				CLANG_ANALYZER_NUMBER_OBJECT_CONVERSION = YES_AGGRESSIVE;
				CLANG_CXX_LANGUAGE_STANDARD = "gnu++14";
				CLANG_CXX_LIBRARY = "libc++";
				CLANG_ENABLE_MODULES = YES;
				CLANG_ENABLE_OBJC_ARC = YES;
				CLANG_ENABLE_OBJC_WEAK = YES;
				CLANG_WARN_BLOCK_CAPTURE_AUTORELEASING = YES;
				CLANG_WARN_BOOL_CONVERSION = YES;
				CLANG_WARN_COMMA = YES;
				CLANG_WARN_CONSTANT_CONVERSION = YES;
				CLANG_WARN_DEPRECATED_OBJC_IMPLEMENTATIONS = YES;
				CLANG_WARN_DIRECT_OBJC_ISA_USAGE = YES_ERROR;
				CLANG_WARN_DOCUMENTATION_COMMENTS = YES;
				CLANG_WARN_EMPTY_BODY = YES;
				CLANG_WARN_ENUM_CONVERSION = YES;
				CLANG_WARN_INFINITE_RECURSION = YES;
				CLANG_WARN_INT_CONVERSION = YES;
				CLANG_WARN_NON_LITERAL_NULL_CONVERSION = YES;
				CLANG_WARN_OBJC_IMPLICIT_RETAIN_SELF = YES;
				CLANG_WARN_OBJC_LITERAL_CONVERSION = YES;
				CLANG_WARN_OBJC_ROOT_CLASS = YES_ERROR;
				CLANG_WARN_RANGE_LOOP_ANALYSIS = YES;
				CLANG_WARN_STRICT_PROTOTYPES = YES;
				CLANG_WARN_SUSPICIOUS_MOVE = YES;
				CLANG_WARN_UNGUARDED_AVAILABILITY = YES_AGGRESSIVE;
				CLANG_WARN_UNREACHABLE_CODE = YES;
				CLANG_WARN__DUPLICATE_METHOD_MATCH = YES;
				CODE_SIGN_IDENTITY = "iPhone Developer";
				COPY_PHASE_STRIP = NO;
				DEBUG_INFORMATION_FORMAT = dwarf;
				ENABLE_STRICT_OBJC_MSGSEND = YES;
				ENABLE_TESTABILITY = YES;
				GCC_C_LANGUAGE_STANDARD = gnu11;
				GCC_DYNAMIC_NO_PIC = NO;
				GCC_NO_COMMON_BLOCKS = YES;
				GCC_OPTIMIZATION_LEVEL = 0;
				GCC_PREPROCESSOR_DEFINITIONS = (
					"DEBUG=1",
					"$(inherited)",
				);
				GCC_WARN_64_TO_32_BIT_CONVERSION = YES;
				GCC_WARN_ABOUT_RETURN_TYPE = YES_ERROR;
				GCC_WARN_UNDECLARED_SELECTOR = YES;
				GCC_WARN_UNINITIALIZED_AUTOS = YES_AGGRESSIVE;
				GCC_WARN_UNUSED_FUNCTION = YES;
				GCC_WARN_UNUSED_VARIABLE = YES;
				IPHONEOS_DEPLOYMENT_TARGET = 12.2;
				MTL_ENABLE_DEBUG_INFO = INCLUDE_SOURCE;
				MTL_FAST_MATH = YES;
				ONLY_ACTIVE_ARCH = YES;
				SDKROOT = iphoneos;
				SWIFT_ACTIVE_COMPILATION_CONDITIONS = DEBUG;
				SWIFT_OPTIMIZATION_LEVEL = "-Onone";
			};
			name = Debug;
		};
		31DD20BC234902A200643FF7 /* Release */ = {
			isa = XCBuildConfiguration;
			buildSettings = {
				ALWAYS_SEARCH_USER_PATHS = NO;
				CLANG_ANALYZER_NONNULL = YES;
				CLANG_ANALYZER_NUMBER_OBJECT_CONVERSION = YES_AGGRESSIVE;
				CLANG_CXX_LANGUAGE_STANDARD = "gnu++14";
				CLANG_CXX_LIBRARY = "libc++";
				CLANG_ENABLE_MODULES = YES;
				CLANG_ENABLE_OBJC_ARC = YES;
				CLANG_ENABLE_OBJC_WEAK = YES;
				CLANG_WARN_BLOCK_CAPTURE_AUTORELEASING = YES;
				CLANG_WARN_BOOL_CONVERSION = YES;
				CLANG_WARN_COMMA = YES;
				CLANG_WARN_CONSTANT_CONVERSION = YES;
				CLANG_WARN_DEPRECATED_OBJC_IMPLEMENTATIONS = YES;
				CLANG_WARN_DIRECT_OBJC_ISA_USAGE = YES_ERROR;
				CLANG_WARN_DOCUMENTATION_COMMENTS = YES;
				CLANG_WARN_EMPTY_BODY = YES;
				CLANG_WARN_ENUM_CONVERSION = YES;
				CLANG_WARN_INFINITE_RECURSION = YES;
				CLANG_WARN_INT_CONVERSION = YES;
				CLANG_WARN_NON_LITERAL_NULL_CONVERSION = YES;
				CLANG_WARN_OBJC_IMPLICIT_RETAIN_SELF = YES;
				CLANG_WARN_OBJC_LITERAL_CONVERSION = YES;
				CLANG_WARN_OBJC_ROOT_CLASS = YES_ERROR;
				CLANG_WARN_RANGE_LOOP_ANALYSIS = YES;
				CLANG_WARN_STRICT_PROTOTYPES = YES;
				CLANG_WARN_SUSPICIOUS_MOVE = YES;
				CLANG_WARN_UNGUARDED_AVAILABILITY = YES_AGGRESSIVE;
				CLANG_WARN_UNREACHABLE_CODE = YES;
				CLANG_WARN__DUPLICATE_METHOD_MATCH = YES;
				CODE_SIGN_IDENTITY = "iPhone Developer";
				COPY_PHASE_STRIP = NO;
				DEBUG_INFORMATION_FORMAT = "dwarf-with-dsym";
				ENABLE_NS_ASSERTIONS = NO;
				ENABLE_STRICT_OBJC_MSGSEND = YES;
				GCC_C_LANGUAGE_STANDARD = gnu11;
				GCC_NO_COMMON_BLOCKS = YES;
				GCC_WARN_64_TO_32_BIT_CONVERSION = YES;
				GCC_WARN_ABOUT_RETURN_TYPE = YES_ERROR;
				GCC_WARN_UNDECLARED_SELECTOR = YES;
				GCC_WARN_UNINITIALIZED_AUTOS = YES_AGGRESSIVE;
				GCC_WARN_UNUSED_FUNCTION = YES;
				GCC_WARN_UNUSED_VARIABLE = YES;
				IPHONEOS_DEPLOYMENT_TARGET = 12.2;
				MTL_ENABLE_DEBUG_INFO = NO;
				MTL_FAST_MATH = YES;
				SDKROOT = iphoneos;
				SWIFT_COMPILATION_MODE = wholemodule;
				SWIFT_OPTIMIZATION_LEVEL = "-O";
				VALIDATE_PRODUCT = YES;
			};
			name = Release;
		};
		31DD20BE234902A200643FF7 /* Debug */ = {
			isa = XCBuildConfiguration;
			baseConfigurationReference = 5DEA89EFF8B7B3036DDE5087 /* Pods-LetsNamed.debug.xcconfig */;
			buildSettings = {
				ASSETCATALOG_COMPILER_APPICON_NAME = AppIcon;
				CODE_SIGN_STYLE = Automatic;
				DEVELOPMENT_TEAM = 5SH64L9LF8;
				INFOPLIST_FILE = LetsNamed/Info.plist;
				LD_RUNPATH_SEARCH_PATHS = (
					"$(inherited)",
					"@executable_path/Frameworks",
				);
				PRODUCT_BUNDLE_IDENTIFIER = com.example.LetsNamed;
				PRODUCT_NAME = "$(TARGET_NAME)";
				SWIFT_VERSION = 5.0;
				TARGETED_DEVICE_FAMILY = "1,2";
			};
			name = Debug;
		};
		31DD20BF234902A200643FF7 /* Release */ = {
			isa = XCBuildConfiguration;
			baseConfigurationReference = 706774ED96212DC77E7ECAE5 /* Pods-LetsNamed.release.xcconfig */;
			buildSettings = {
				ASSETCATALOG_COMPILER_APPICON_NAME = AppIcon;
				CODE_SIGN_STYLE = Automatic;
				DEVELOPMENT_TEAM = 5SH64L9LF8;
				INFOPLIST_FILE = LetsNamed/Info.plist;
				LD_RUNPATH_SEARCH_PATHS = (
					"$(inherited)",
					"@executable_path/Frameworks",
				);
				PRODUCT_BUNDLE_IDENTIFIER = com.example.LetsNamed;
				PRODUCT_NAME = "$(TARGET_NAME)";
				SWIFT_VERSION = 5.0;
				TARGETED_DEVICE_FAMILY = "1,2";
			};
			name = Release;
		};
/* End XCBuildConfiguration section */

/* Begin XCConfigurationList section */
		31DD20A6234902A100643FF7 /* Build configuration list for PBXProject "LetsNamed" */ = {
			isa = XCConfigurationList;
			buildConfigurations = (
				31DD20BB234902A200643FF7 /* Debug */,
				31DD20BC234902A200643FF7 /* Release */,
			);
			defaultConfigurationIsVisible = 0;
			defaultConfigurationName = Release;
		};
		31DD20BD234902A200643FF7 /* Build configuration list for PBXNativeTarget "LetsNamed" */ = {
			isa = XCConfigurationList;
			buildConfigurations = (
				31DD20BE234902A200643FF7 /* Debug */,
				31DD20BF234902A200643FF7 /* Release */,
			);
			defaultConfigurationIsVisible = 0;
			defaultConfigurationName = Release;
		};
/* End XCConfigurationList section */
	};
	rootObject = 31DD20A3234902A100643FF7 /* Project object */;
}
